
Microsoft Visual Studio Solution File, Format Version 12.00
# Visual Studio Version 16
VisualStudioVersion = 16.0.31105.61
MinimumVisualStudioVersion = 10.0.40219.1
Project("{FAE04EC0-301F-11D3-BF4B-00C04F79EFBC}") = "Partners_In_Crime", "Partners_In_Crime\Partners_In_Crime.csproj", "{37039B1D-E459-4118-8C20-C0A63C37937D}"
EndProject
Global
	GlobalSection(SolutionConfigurationPlatforms) = preSolution
		Debug|Any CPU = Debug|Any CPU
		Release|Any CPU = Release|Any CPU
	EndGlobalSection
	GlobalSection(ProjectConfigurationPlatforms) = postSolution
		{37039B1D-E459-4118-8C20-C0A63C37937D}.Debug|Any CPU.ActiveCfg = Debug|Any CPU
		{37039B1D-E459-4118-8C20-C0A63C37937D}.Debug|Any CPU.Build.0 = Debug|Any CPU
		{37039B1D-E459-4118-8C20-C0A63C37937D}.Release|Any CPU.ActiveCfg = Release|Any CPU
		{37039B1D-E459-4118-8C20-C0A63C37937D}.Release|Any CPU.Build.0 = Release|Any CPU
	EndGlobalSection
	GlobalSection(SolutionProperties) = preSolution
		HideSolutionNode = FALSE
	EndGlobalSection
	GlobalSection(ExtensibilityGlobals) = postSolution
		SolutionGuid = {09E29E46-83FC-46C1-A043-8EA90AB48971}
	EndGlobalSection
EndGlobal
